
Microsoft Visual Studio Solution File, Format Version 12.00
# Visual Studio Version 17
VisualStudioVersion = 17.14.36203.30
MinimumVisualStudioVersion = 10.0.40219.1
Project("{FAE04EC0-301F-11D3-BF4B-00C04F79EFBC}") = "TTMomentViewer.API", "TTMomentViewer.API\TTMomentViewer.API.csproj", "{9FDDA4D5-8BEC-417F-8A31-1B9664CE7C92}"
EndProject
Project("{FAE04EC0-301F-11D3-BF4B-00C04F79EFBC}") = "TTMomentViewer.Domain", "TTMomentViewer.Domain\TTMomentViewer.Domain.csproj", "{525DE36F-E929-4AD3-9C63-E0AD85A2EE90}"
EndProject
Project("{FAE04EC0-301F-11D3-BF4B-00C04F79EFBC}") = "TTMomentViewer.BLL", "TTMomentViewer.BLL\TTMomentViewer.BLL.csproj", "{0CF24158-DA10-4311-ACCB-DA72D0E2C23E}"
EndProject
Global
	GlobalSection(SolutionConfigurationPlatforms) = preSolution
		Debug|Any CPU = Debug|Any CPU
		Debug|x64 = Debug|x64
		Debug|x86 = Debug|x86
		Release|Any CPU = Release|Any CPU
		Release|x64 = Release|x64
		Release|x86 = Release|x86
	EndGlobalSection
	GlobalSection(ProjectConfigurationPlatforms) = postSolution
		{9FDDA4D5-8BEC-417F-8A31-1B9664CE7C92}.Debug|Any CPU.ActiveCfg = Debug|Any CPU
		{9FDDA4D5-8BEC-417F-8A31-1B9664CE7C92}.Debug|Any CPU.Build.0 = Debug|Any CPU
		{9FDDA4D5-8BEC-417F-8A31-1B9664CE7C92}.Debug|x64.ActiveCfg = Debug|Any CPU
		{9FDDA4D5-8BEC-417F-8A31-1B9664CE7C92}.Debug|x64.Build.0 = Debug|Any CPU
		{9FDDA4D5-8BEC-417F-8A31-1B9664CE7C92}.Debug|x86.ActiveCfg = Debug|Any CPU
		{9FDDA4D5-8BEC-417F-8A31-1B9664CE7C92}.Debug|x86.Build.0 = Debug|Any CPU
		{9FDDA4D5-8BEC-417F-8A31-1B9664CE7C92}.Release|Any CPU.ActiveCfg = Release|Any CPU
		{9FDDA4D5-8BEC-417F-8A31-1B9664CE7C92}.Release|Any CPU.Build.0 = Release|Any CPU
		{9FDDA4D5-8BEC-417F-8A31-1B9664CE7C92}.Release|x64.ActiveCfg = Release|Any CPU
		{9FDDA4D5-8BEC-417F-8A31-1B9664CE7C92}.Release|x64.Build.0 = Release|Any CPU
		{9FDDA4D5-8BEC-417F-8A31-1B9664CE7C92}.Release|x86.ActiveCfg = Release|Any CPU
		{9FDDA4D5-8BEC-417F-8A31-1B9664CE7C92}.Release|x86.Build.0 = Release|Any CPU
		{525DE36F-E929-4AD3-9C63-E0AD85A2EE90}.Debug|Any CPU.ActiveCfg = Debug|Any CPU
		{525DE36F-E929-4AD3-9C63-E0AD85A2EE90}.Debug|Any CPU.Build.0 = Debug|Any CPU
		{525DE36F-E929-4AD3-9C63-E0AD85A2EE90}.Debug|x64.ActiveCfg = Debug|Any CPU
		{525DE36F-E929-4AD3-9C63-E0AD85A2EE90}.Debug|x64.Build.0 = Debug|Any CPU
		{525DE36F-E929-4AD3-9C63-E0AD85A2EE90}.Debug|x86.ActiveCfg = Debug|Any CPU
		{525DE36F-E929-4AD3-9C63-E0AD85A2EE90}.Debug|x86.Build.0 = Debug|Any CPU
		{525DE36F-E929-4AD3-9C63-E0AD85A2EE90}.Release|Any CPU.ActiveCfg = Release|Any CPU
		{525DE36F-E929-4AD3-9C63-E0AD85A2EE90}.Release|Any CPU.Build.0 = Release|Any CPU
		{525DE36F-E929-4AD3-9C63-E0AD85A2EE90}.Release|x64.ActiveCfg = Release|Any CPU
		{525DE36F-E929-4AD3-9C63-E0AD85A2EE90}.Release|x64.Build.0 = Release|Any CPU
		{525DE36F-E929-4AD3-9C63-E0AD85A2EE90}.Release|x86.ActiveCfg = Release|Any CPU
		{525DE36F-E929-4AD3-9C63-E0AD85A2EE90}.Release|x86.Build.0 = Release|Any CPU
		{0CF24158-DA10-4311-ACCB-DA72D0E2C23E}.Debug|Any CPU.ActiveCfg = Debug|Any CPU
		{0CF24158-DA10-4311-ACCB-DA72D0E2C23E}.Debug|Any CPU.Build.0 = Debug|Any CPU
		{0CF24158-DA10-4311-ACCB-DA72D0E2C23E}.Debug|x64.ActiveCfg = Debug|Any CPU
		{0CF24158-DA10-4311-ACCB-DA72D0E2C23E}.Debug|x64.Build.0 = Debug|Any CPU
		{0CF24158-DA10-4311-ACCB-DA72D0E2C23E}.Debug|x86.ActiveCfg = Debug|Any CPU
		{0CF24158-DA10-4311-ACCB-DA72D0E2C23E}.Debug|x86.Build.0 = Debug|Any CPU
		{0CF24158-DA10-4311-ACCB-DA72D0E2C23E}.Release|Any CPU.ActiveCfg = Release|Any CPU
		{0CF24158-DA10-4311-ACCB-DA72D0E2C23E}.Release|Any CPU.Build.0 = Release|Any CPU
		{0CF24158-DA10-4311-ACCB-DA72D0E2C23E}.Release|x64.ActiveCfg = Release|Any CPU
		{0CF24158-DA10-4311-ACCB-DA72D0E2C23E}.Release|x64.Build.0 = Release|Any CPU
		{0CF24158-DA10-4311-ACCB-DA72D0E2C23E}.Release|x86.ActiveCfg = Release|Any CPU
		{0CF24158-DA10-4311-ACCB-DA72D0E2C23E}.Release|x86.Build.0 = Release|Any CPU
	EndGlobalSection
	GlobalSection(SolutionProperties) = preSolution
		HideSolutionNode = FALSE
	EndGlobalSection
	GlobalSection(ExtensibilityGlobals) = postSolution
		SolutionGuid = {B23D4D0B-B7D5-45FC-9964-224D8395669A}
	EndGlobalSection
EndGlobal
